
Microsoft Visual Studio Solution File, Format Version 12.00
# Visual Studio 15
VisualStudioVersion = 15.0.27130.2010
MinimumVisualStudioVersion = 10.0.40219.1
Project("{FAE04EC0-301F-11D3-BF4B-00C04F79EFBC}") = "Server", "Server\Server.csproj", "{36541BB7-1F6C-4F3D-8531-E0C6563FACF1}"
EndProject
Global
	GlobalSection(SolutionConfigurationPlatforms) = preSolution
		Debug|Any CPU = Debug|Any CPU
		Release|Any CPU = Release|Any CPU
	EndGlobalSection
	GlobalSection(ProjectConfigurationPlatforms) = postSolution
		{36541BB7-1F6C-4F3D-8531-E0C6563FACF1}.Debug|Any CPU.ActiveCfg = Debug|Any CPU
		{36541BB7-1F6C-4F3D-8531-E0C6563FACF1}.Debug|Any CPU.Build.0 = Debug|Any CPU
		{36541BB7-1F6C-4F3D-8531-E0C6563FACF1}.Release|Any CPU.ActiveCfg = Release|Any CPU
		{36541BB7-1F6C-4F3D-8531-E0C6563FACF1}.Release|Any CPU.Build.0 = Release|Any CPU
	EndGlobalSection
	GlobalSection(SolutionProperties) = preSolution
		HideSolutionNode = FALSE
	EndGlobalSection
	GlobalSection(ExtensibilityGlobals) = postSolution
		SolutionGuid = {20DA9BC3-2290-4B9F-87FB-4C35CCEC4600}
	EndGlobalSection
EndGlobal
